
Microsoft Visual Studio Solution File, Format Version 12.00
# Visual Studio 15
VisualStudioVersion = 15.0.26124.0
MinimumVisualStudioVersion = 15.0.26124.0
Project("{2150E333-8FDC-42A3-9474-1A3956D46DE8}") = "Authentication", "Authentication", "{BACEB745-BE2D-4C6D-9DDE-F172A218A112}"
EndProject
Project("{2150E333-8FDC-42A3-9474-1A3956D46DE8}") = "Booking", "Booking", "{2D3E2348-DBAF-4E4F-AB96-11DBC1CB1392}"
EndProject
Project("{2150E333-8FDC-42A3-9474-1A3956D46DE8}") = "Gateway", "Gateway", "{4C676E7B-9084-4C92-95AA-46498D245FAB}"
EndProject
Project("{9A19103F-16F7-4668-BE54-9A1E7A4F7556}") = "Authentication.Api", "Authentication\Authentication.Api\Authentication.Api.csproj", "{37DED18E-6957-4FBB-A089-6D4D2504D750}"
EndProject
Project("{9A19103F-16F7-4668-BE54-9A1E7A4F7556}") = "Booking.Api", "Booking\Booking.Api\Booking.Api.csproj", "{C747300D-8FE7-46ED-A479-294792F11266}"
EndProject
Project("{9A19103F-16F7-4668-BE54-9A1E7A4F7556}") = "Gateway.Api", "Gateway\Gateway.Api.csproj", "{F1259E8F-3D04-46B1-8299-610B9884DE91}"
EndProject
Project("{9A19103F-16F7-4668-BE54-9A1E7A4F7556}") = "Authentication.Domain", "Authentication\Authentication.Domain\Authentication.Domain.csproj", "{987BAA09-F702-47F2-94F9-8EE56157465A}"
EndProject
Project("{2150E333-8FDC-42A3-9474-1A3956D46DE8}") = "Tests", "Tests", "{0F260F19-ADA2-4EA7-9AD1-1259075B53A6}"
EndProject
Project("{9A19103F-16F7-4668-BE54-9A1E7A4F7556}") = "Booking.Api.Tests", "Tests\Booking.Api.Tests\Booking.Api.Tests.csproj", "{EDC1C003-67F3-475F-B32A-98086469C18D}"
EndProject
Project("{9A19103F-16F7-4668-BE54-9A1E7A4F7556}") = "Authentication.Api.Tests", "Tests\Authentication.Api.Tests\Authentication.Api.Tests.csproj", "{A98255FA-17F2-4E16-85E3-EC16FE565287}"
EndProject
Project("{9A19103F-16F7-4668-BE54-9A1E7A4F7556}") = "Authentication.Domain.Tests", "Tests\Authentication.Domain.Tests\Authentication.Domain.Tests.csproj", "{F2D1D141-4CCF-4E7D-B714-D6C3EBDC9BD8}"
EndProject
Project("{9A19103F-16F7-4668-BE54-9A1E7A4F7556}") = "Booking.Domain", "Booking\Booking.Domain\Booking.Domain.csproj", "{0CAA189E-CFE8-4A4A-AA57-C43B35FDB3D3}"
EndProject
Project("{9A19103F-16F7-4668-BE54-9A1E7A4F7556}") = "Booking.Domain.Tests", "Tests\Booking.Domain.Tests\Booking.Domain.Tests.csproj", "{B2EDA861-8CF6-4DAC-9D27-6E04521745A7}"
EndProject
Project("{9A19103F-16F7-4668-BE54-9A1E7A4F7556}") = "Booking.Infrastructure", "Booking\Booking.Infrastructure\Booking.Infrastructure.csproj", "{567EC8E0-D2B1-4929-A6B8-8D6501D4FEF0}"
EndProject
Project("{9A19103F-16F7-4668-BE54-9A1E7A4F7556}") = "Authentication.Infrastructure.Tests", "Tests\Authentication.Infrastructure.Tests\Authentication.Infrastructure.Tests.csproj", "{DD2E03DF-7614-46C1-9527-DF6ED994D43A}"
EndProject
Project("{9A19103F-16F7-4668-BE54-9A1E7A4F7556}") = "Booking.Infrastructure.Tests", "Tests\Booking.Infrastructure.Tests\Booking.Infrastructure.Tests.csproj", "{84E1A2BE-2ECE-4443-B3A3-60615AB8FDE7}"
EndProject
Project("{9A19103F-16F7-4668-BE54-9A1E7A4F7556}") = "Authentication.Infrastructure", "Authentication\Authentication.Infrastructure\Authentication.Infrastructure.csproj", "{DF6FCED2-8B48-445D-808B-CFBBEFF473E4}"
EndProject
Project("{2150E333-8FDC-42A3-9474-1A3956D46DE8}") = "Vehicle", "Vehicle", "{19CF9BCE-2E02-4856-9E3A-DD674D0C42EB}"
EndProject
Project("{9A19103F-16F7-4668-BE54-9A1E7A4F7556}") = "Vehicle.Api", "Vehicle\Vehicle.Api\Vehicle.Api.csproj", "{EA4F2624-F3D4-4E45-BA36-76AADF37334E}"
EndProject
Project("{9A19103F-16F7-4668-BE54-9A1E7A4F7556}") = "Vehicle.Domain", "Vehicle\Vehicle.Domain\Vehicle.Domain.csproj", "{F7ACDAD3-D5E3-45DC-B225-E7EE5A9150EC}"
EndProject
Project("{9A19103F-16F7-4668-BE54-9A1E7A4F7556}") = "Vehicle.Infrastructure", "Vehicle\Vehicle.Infrastructure\Vehicle.Infrastructure.csproj", "{79A62813-1B53-4387-AEE2-22A836846079}"
EndProject
Project("{9A19103F-16F7-4668-BE54-9A1E7A4F7556}") = "Vehicle.Api.Tests", "Tests\Vehicle.Api.Tests\Vehicle.Api.Tests.csproj", "{6DB3247F-3900-489D-8075-DC4D82913681}"
EndProject
Project("{9A19103F-16F7-4668-BE54-9A1E7A4F7556}") = "Vehicle.Domain.Tests", "Tests\Vehicle.Domain.Tests\Vehicle.Domain.Tests.csproj", "{0F102AD8-B21C-4E3E-852A-24B7C2F36DE0}"
EndProject
Project("{9A19103F-16F7-4668-BE54-9A1E7A4F7556}") = "Vehicle.Infrastructure.Tests", "Tests\Vehicle.Infrastructure.Tests\Vehicle.Infrastructure.Tests.csproj", "{5989D1B6-B049-4D82-AE28-891EE3093075}"
EndProject
Project("{FAE04EC0-301F-11D3-BF4B-00C04F79EFBC}") = "Microservice.Core", "Core\Microservice.Core.csproj", "{77947692-963A-4539-BDB7-B712EE764B2A}"
EndProject
Project("{2150E333-8FDC-42A3-9474-1A3956D46DE8}") = "Core", "Core", "{50A1C765-9B90-4892-9C02-FFAE6CE0B6ED}"
EndProject
Global
	GlobalSection(SolutionConfigurationPlatforms) = preSolution
		Debug|Any CPU = Debug|Any CPU
		Release|Any CPU = Release|Any CPU
	EndGlobalSection
	GlobalSection(ProjectConfigurationPlatforms) = postSolution
		{37DED18E-6957-4FBB-A089-6D4D2504D750}.Debug|Any CPU.ActiveCfg = Debug|Any CPU
		{37DED18E-6957-4FBB-A089-6D4D2504D750}.Debug|Any CPU.Build.0 = Debug|Any CPU
		{37DED18E-6957-4FBB-A089-6D4D2504D750}.Release|Any CPU.ActiveCfg = Release|Any CPU
		{37DED18E-6957-4FBB-A089-6D4D2504D750}.Release|Any CPU.Build.0 = Release|Any CPU
		{C747300D-8FE7-46ED-A479-294792F11266}.Debug|Any CPU.ActiveCfg = Debug|Any CPU
		{C747300D-8FE7-46ED-A479-294792F11266}.Debug|Any CPU.Build.0 = Debug|Any CPU
		{C747300D-8FE7-46ED-A479-294792F11266}.Release|Any CPU.ActiveCfg = Release|Any CPU
		{C747300D-8FE7-46ED-A479-294792F11266}.Release|Any CPU.Build.0 = Release|Any CPU
		{F1259E8F-3D04-46B1-8299-610B9884DE91}.Debug|Any CPU.ActiveCfg = Debug|Any CPU
		{F1259E8F-3D04-46B1-8299-610B9884DE91}.Debug|Any CPU.Build.0 = Debug|Any CPU
		{F1259E8F-3D04-46B1-8299-610B9884DE91}.Release|Any CPU.ActiveCfg = Release|Any CPU
		{F1259E8F-3D04-46B1-8299-610B9884DE91}.Release|Any CPU.Build.0 = Release|Any CPU
		{987BAA09-F702-47F2-94F9-8EE56157465A}.Debug|Any CPU.ActiveCfg = Debug|Any CPU
		{987BAA09-F702-47F2-94F9-8EE56157465A}.Debug|Any CPU.Build.0 = Debug|Any CPU
		{987BAA09-F702-47F2-94F9-8EE56157465A}.Release|Any CPU.ActiveCfg = Release|Any CPU
		{987BAA09-F702-47F2-94F9-8EE56157465A}.Release|Any CPU.Build.0 = Release|Any CPU
		{EDC1C003-67F3-475F-B32A-98086469C18D}.Debug|Any CPU.ActiveCfg = Debug|Any CPU
		{EDC1C003-67F3-475F-B32A-98086469C18D}.Debug|Any CPU.Build.0 = Debug|Any CPU
		{EDC1C003-67F3-475F-B32A-98086469C18D}.Release|Any CPU.ActiveCfg = Release|Any CPU
		{EDC1C003-67F3-475F-B32A-98086469C18D}.Release|Any CPU.Build.0 = Release|Any CPU
		{A98255FA-17F2-4E16-85E3-EC16FE565287}.Debug|Any CPU.ActiveCfg = Debug|Any CPU
		{A98255FA-17F2-4E16-85E3-EC16FE565287}.Debug|Any CPU.Build.0 = Debug|Any CPU
		{A98255FA-17F2-4E16-85E3-EC16FE565287}.Release|Any CPU.ActiveCfg = Release|Any CPU
		{A98255FA-17F2-4E16-85E3-EC16FE565287}.Release|Any CPU.Build.0 = Release|Any CPU
		{F2D1D141-4CCF-4E7D-B714-D6C3EBDC9BD8}.Debug|Any CPU.ActiveCfg = Debug|Any CPU
		{F2D1D141-4CCF-4E7D-B714-D6C3EBDC9BD8}.Debug|Any CPU.Build.0 = Debug|Any CPU
		{F2D1D141-4CCF-4E7D-B714-D6C3EBDC9BD8}.Release|Any CPU.ActiveCfg = Release|Any CPU
		{F2D1D141-4CCF-4E7D-B714-D6C3EBDC9BD8}.Release|Any CPU.Build.0 = Release|Any CPU
		{0CAA189E-CFE8-4A4A-AA57-C43B35FDB3D3}.Debug|Any CPU.ActiveCfg = Debug|Any CPU
		{0CAA189E-CFE8-4A4A-AA57-C43B35FDB3D3}.Debug|Any CPU.Build.0 = Debug|Any CPU
		{0CAA189E-CFE8-4A4A-AA57-C43B35FDB3D3}.Release|Any CPU.ActiveCfg = Release|Any CPU
		{0CAA189E-CFE8-4A4A-AA57-C43B35FDB3D3}.Release|Any CPU.Build.0 = Release|Any CPU
		{B2EDA861-8CF6-4DAC-9D27-6E04521745A7}.Debug|Any CPU.ActiveCfg = Debug|Any CPU
		{B2EDA861-8CF6-4DAC-9D27-6E04521745A7}.Debug|Any CPU.Build.0 = Debug|Any CPU
		{B2EDA861-8CF6-4DAC-9D27-6E04521745A7}.Release|Any CPU.ActiveCfg = Release|Any CPU
		{B2EDA861-8CF6-4DAC-9D27-6E04521745A7}.Release|Any CPU.Build.0 = Release|Any CPU
		{567EC8E0-D2B1-4929-A6B8-8D6501D4FEF0}.Debug|Any CPU.ActiveCfg = Debug|Any CPU
		{567EC8E0-D2B1-4929-A6B8-8D6501D4FEF0}.Debug|Any CPU.Build.0 = Debug|Any CPU
		{567EC8E0-D2B1-4929-A6B8-8D6501D4FEF0}.Release|Any CPU.ActiveCfg = Release|Any CPU
		{567EC8E0-D2B1-4929-A6B8-8D6501D4FEF0}.Release|Any CPU.Build.0 = Release|Any CPU
		{DD2E03DF-7614-46C1-9527-DF6ED994D43A}.Debug|Any CPU.ActiveCfg = Debug|Any CPU
		{DD2E03DF-7614-46C1-9527-DF6ED994D43A}.Debug|Any CPU.Build.0 = Debug|Any CPU
		{DD2E03DF-7614-46C1-9527-DF6ED994D43A}.Release|Any CPU.ActiveCfg = Release|Any CPU
		{DD2E03DF-7614-46C1-9527-DF6ED994D43A}.Release|Any CPU.Build.0 = Release|Any CPU
		{84E1A2BE-2ECE-4443-B3A3-60615AB8FDE7}.Debug|Any CPU.ActiveCfg = Debug|Any CPU
		{84E1A2BE-2ECE-4443-B3A3-60615AB8FDE7}.Debug|Any CPU.Build.0 = Debug|Any CPU
		{84E1A2BE-2ECE-4443-B3A3-60615AB8FDE7}.Release|Any CPU.ActiveCfg = Release|Any CPU
		{84E1A2BE-2ECE-4443-B3A3-60615AB8FDE7}.Release|Any CPU.Build.0 = Release|Any CPU
		{DF6FCED2-8B48-445D-808B-CFBBEFF473E4}.Debug|Any CPU.ActiveCfg = Debug|Any CPU
		{DF6FCED2-8B48-445D-808B-CFBBEFF473E4}.Debug|Any CPU.Build.0 = Debug|Any CPU
		{DF6FCED2-8B48-445D-808B-CFBBEFF473E4}.Release|Any CPU.ActiveCfg = Release|Any CPU
		{DF6FCED2-8B48-445D-808B-CFBBEFF473E4}.Release|Any CPU.Build.0 = Release|Any CPU
		{EA4F2624-F3D4-4E45-BA36-76AADF37334E}.Debug|Any CPU.ActiveCfg = Debug|Any CPU
		{EA4F2624-F3D4-4E45-BA36-76AADF37334E}.Debug|Any CPU.Build.0 = Debug|Any CPU
		{EA4F2624-F3D4-4E45-BA36-76AADF37334E}.Release|Any CPU.ActiveCfg = Release|Any CPU
		{EA4F2624-F3D4-4E45-BA36-76AADF37334E}.Release|Any CPU.Build.0 = Release|Any CPU
		{F7ACDAD3-D5E3-45DC-B225-E7EE5A9150EC}.Debug|Any CPU.ActiveCfg = Debug|Any CPU
		{F7ACDAD3-D5E3-45DC-B225-E7EE5A9150EC}.Debug|Any CPU.Build.0 = Debug|Any CPU
		{F7ACDAD3-D5E3-45DC-B225-E7EE5A9150EC}.Release|Any CPU.ActiveCfg = Release|Any CPU
		{F7ACDAD3-D5E3-45DC-B225-E7EE5A9150EC}.Release|Any CPU.Build.0 = Release|Any CPU
		{79A62813-1B53-4387-AEE2-22A836846079}.Debug|Any CPU.ActiveCfg = Debug|Any CPU
		{79A62813-1B53-4387-AEE2-22A836846079}.Debug|Any CPU.Build.0 = Debug|Any CPU
		{79A62813-1B53-4387-AEE2-22A836846079}.Release|Any CPU.ActiveCfg = Release|Any CPU
		{79A62813-1B53-4387-AEE2-22A836846079}.Release|Any CPU.Build.0 = Release|Any CPU
		{6DB3247F-3900-489D-8075-DC4D82913681}.Debug|Any CPU.ActiveCfg = Debug|Any CPU
		{6DB3247F-3900-489D-8075-DC4D82913681}.Debug|Any CPU.Build.0 = Debug|Any CPU
		{6DB3247F-3900-489D-8075-DC4D82913681}.Release|Any CPU.ActiveCfg = Release|Any CPU
		{6DB3247F-3900-489D-8075-DC4D82913681}.Release|Any CPU.Build.0 = Release|Any CPU
		{0F102AD8-B21C-4E3E-852A-24B7C2F36DE0}.Debug|Any CPU.ActiveCfg = Debug|Any CPU
		{0F102AD8-B21C-4E3E-852A-24B7C2F36DE0}.Debug|Any CPU.Build.0 = Debug|Any CPU
		{0F102AD8-B21C-4E3E-852A-24B7C2F36DE0}.Release|Any CPU.ActiveCfg = Release|Any CPU
		{0F102AD8-B21C-4E3E-852A-24B7C2F36DE0}.Release|Any CPU.Build.0 = Release|Any CPU
		{5989D1B6-B049-4D82-AE28-891EE3093075}.Debug|Any CPU.ActiveCfg = Debug|Any CPU
		{5989D1B6-B049-4D82-AE28-891EE3093075}.Debug|Any CPU.Build.0 = Debug|Any CPU
		{5989D1B6-B049-4D82-AE28-891EE3093075}.Release|Any CPU.ActiveCfg = Release|Any CPU
		{5989D1B6-B049-4D82-AE28-891EE3093075}.Release|Any CPU.Build.0 = Release|Any CPU
		{77947692-963A-4539-BDB7-B712EE764B2A}.Debug|Any CPU.ActiveCfg = Debug|Any CPU
		{77947692-963A-4539-BDB7-B712EE764B2A}.Debug|Any CPU.Build.0 = Debug|Any CPU
		{77947692-963A-4539-BDB7-B712EE764B2A}.Release|Any CPU.ActiveCfg = Release|Any CPU
		{77947692-963A-4539-BDB7-B712EE764B2A}.Release|Any CPU.Build.0 = Release|Any CPU
	EndGlobalSection
	GlobalSection(SolutionProperties) = preSolution
		HideSolutionNode = FALSE
	EndGlobalSection
	GlobalSection(NestedProjects) = preSolution
		{37DED18E-6957-4FBB-A089-6D4D2504D750} = {BACEB745-BE2D-4C6D-9DDE-F172A218A112}
		{C747300D-8FE7-46ED-A479-294792F11266} = {2D3E2348-DBAF-4E4F-AB96-11DBC1CB1392}
		{F1259E8F-3D04-46B1-8299-610B9884DE91} = {4C676E7B-9084-4C92-95AA-46498D245FAB}
		{987BAA09-F702-47F2-94F9-8EE56157465A} = {BACEB745-BE2D-4C6D-9DDE-F172A218A112}
		{EDC1C003-67F3-475F-B32A-98086469C18D} = {0F260F19-ADA2-4EA7-9AD1-1259075B53A6}
		{A98255FA-17F2-4E16-85E3-EC16FE565287} = {0F260F19-ADA2-4EA7-9AD1-1259075B53A6}
		{F2D1D141-4CCF-4E7D-B714-D6C3EBDC9BD8} = {0F260F19-ADA2-4EA7-9AD1-1259075B53A6}
		{0CAA189E-CFE8-4A4A-AA57-C43B35FDB3D3} = {2D3E2348-DBAF-4E4F-AB96-11DBC1CB1392}
		{B2EDA861-8CF6-4DAC-9D27-6E04521745A7} = {0F260F19-ADA2-4EA7-9AD1-1259075B53A6}
		{567EC8E0-D2B1-4929-A6B8-8D6501D4FEF0} = {2D3E2348-DBAF-4E4F-AB96-11DBC1CB1392}
		{DD2E03DF-7614-46C1-9527-DF6ED994D43A} = {0F260F19-ADA2-4EA7-9AD1-1259075B53A6}
		{84E1A2BE-2ECE-4443-B3A3-60615AB8FDE7} = {0F260F19-ADA2-4EA7-9AD1-1259075B53A6}
		{DF6FCED2-8B48-445D-808B-CFBBEFF473E4} = {BACEB745-BE2D-4C6D-9DDE-F172A218A112}
		{EA4F2624-F3D4-4E45-BA36-76AADF37334E} = {19CF9BCE-2E02-4856-9E3A-DD674D0C42EB}
		{F7ACDAD3-D5E3-45DC-B225-E7EE5A9150EC} = {19CF9BCE-2E02-4856-9E3A-DD674D0C42EB}
		{79A62813-1B53-4387-AEE2-22A836846079} = {19CF9BCE-2E02-4856-9E3A-DD674D0C42EB}
		{6DB3247F-3900-489D-8075-DC4D82913681} = {0F260F19-ADA2-4EA7-9AD1-1259075B53A6}
		{0F102AD8-B21C-4E3E-852A-24B7C2F36DE0} = {0F260F19-ADA2-4EA7-9AD1-1259075B53A6}
		{5989D1B6-B049-4D82-AE28-891EE3093075} = {0F260F19-ADA2-4EA7-9AD1-1259075B53A6}
		{77947692-963A-4539-BDB7-B712EE764B2A} = {50A1C765-9B90-4892-9C02-FFAE6CE0B6ED}
	EndGlobalSection
	GlobalSection(ExtensibilityGlobals) = postSolution
		SolutionGuid = {19607835-E8D8-464A-9012-CE1D510EF11F}
	EndGlobalSection
EndGlobal
